
Microsoft Visual Studio Solution File, Format Version 12.00
# Visual Studio Version 16
VisualStudioVersion = 16.0.31729.503
MinimumVisualStudioVersion = 10.0.40219.1
Project("{FAE04EC0-301F-11D3-BF4B-00C04F79EFBC}") = "Phonenest.Android", "Phonenest\Phonenest.Android\Phonenest.Android.csproj", "{5E5E564A-ECA6-4D6A-B000-6B05C27847DD}"
EndProject
Project("{FAE04EC0-301F-11D3-BF4B-00C04F79EFBC}") = "Phonenest", "Phonenest\Phonenest\Phonenest.csproj", "{D201997C-3926-40F2-B57D-200043E5371B}"
EndProject
Global
	GlobalSection(SolutionConfigurationPlatforms) = preSolution
		Debug|Any CPU = Debug|Any CPU
		Release|Any CPU = Release|Any CPU
	EndGlobalSection
	GlobalSection(ProjectConfigurationPlatforms) = postSolution
		{5E5E564A-ECA6-4D6A-B000-6B05C27847DD}.Debug|Any CPU.ActiveCfg = Debug|Any CPU
		{5E5E564A-ECA6-4D6A-B000-6B05C27847DD}.Debug|Any CPU.Build.0 = Debug|Any CPU
		{5E5E564A-ECA6-4D6A-B000-6B05C27847DD}.Debug|Any CPU.Deploy.0 = Debug|Any CPU
		{5E5E564A-ECA6-4D6A-B000-6B05C27847DD}.Release|Any CPU.ActiveCfg = Release|Any CPU
		{5E5E564A-ECA6-4D6A-B000-6B05C27847DD}.Release|Any CPU.Build.0 = Release|Any CPU
		{5E5E564A-ECA6-4D6A-B000-6B05C27847DD}.Release|Any CPU.Deploy.0 = Release|Any CPU
		{D201997C-3926-40F2-B57D-200043E5371B}.Debug|Any CPU.ActiveCfg = Debug|Any CPU
		{D201997C-3926-40F2-B57D-200043E5371B}.Debug|Any CPU.Build.0 = Debug|Any CPU
		{D201997C-3926-40F2-B57D-200043E5371B}.Debug|Any CPU.Deploy.0 = Debug|Any CPU
		{D201997C-3926-40F2-B57D-200043E5371B}.Release|Any CPU.ActiveCfg = Release|Any CPU
		{D201997C-3926-40F2-B57D-200043E5371B}.Release|Any CPU.Build.0 = Release|Any CPU
		{D201997C-3926-40F2-B57D-200043E5371B}.Release|Any CPU.Deploy.0 = Release|Any CPU
	EndGlobalSection
	GlobalSection(SolutionProperties) = preSolution
		HideSolutionNode = FALSE
	EndGlobalSection
	GlobalSection(ExtensibilityGlobals) = postSolution
		SolutionGuid = {C57EF44D-1E0A-4F15-A7D0-5A3B38C920DA}
	EndGlobalSection
EndGlobal
